
Microsoft Visual Studio Solution File, Format Version 12.00
# Visual Studio Version 16
VisualStudioVersion = 16.0.30011.22
MinimumVisualStudioVersion = 10.0.40219.1
Project("{FAE04EC0-301F-11D3-BF4B-00C04F79EFBC}") = "NeuralNetwork3", "NeuralNetwork3\NeuralNetwork3.csproj", "{C13CF516-FF54-47DA-9013-E0B95453E934}"
EndProject
Global
	GlobalSection(SolutionConfigurationPlatforms) = preSolution
		Debug|Any CPU = Debug|Any CPU
		Release|Any CPU = Release|Any CPU
	EndGlobalSection
	GlobalSection(ProjectConfigurationPlatforms) = postSolution
		{C13CF516-FF54-47DA-9013-E0B95453E934}.Debug|Any CPU.ActiveCfg = Debug|Any CPU
		{C13CF516-FF54-47DA-9013-E0B95453E934}.Debug|Any CPU.Build.0 = Debug|Any CPU
		{C13CF516-FF54-47DA-9013-E0B95453E934}.Release|Any CPU.ActiveCfg = Release|Any CPU
		{C13CF516-FF54-47DA-9013-E0B95453E934}.Release|Any CPU.Build.0 = Release|Any CPU
	EndGlobalSection
	GlobalSection(SolutionProperties) = preSolution
		HideSolutionNode = FALSE
	EndGlobalSection
	GlobalSection(ExtensibilityGlobals) = postSolution
		SolutionGuid = {8110B6B7-DFFA-44CF-9647-89C22FA7E59B}
	EndGlobalSection
EndGlobal
